
Microsoft Visual Studio Solution File, Format Version 12.00
# Visual Studio 14
VisualStudioVersion = 14.0.25420.1
MinimumVisualStudioVersion = 10.0.40219.1
Project("{FAE04EC0-301F-11D3-BF4B-00C04F79EFBC}") = "AGIT.DSS.LeadIntelligence,Web", "AGIT.DSS.LeadIntelligence\AGIT.DSS.LeadIntelligence,Web.csproj", "{B92A8F76-AEE8-458F-8C2C-3DF694903EFE}"
EndProject
Project("{FAE04EC0-301F-11D3-BF4B-00C04F79EFBC}") = "AGIT.DSS.LeadIntelligence.Library", "AGIT.DSS.LeadIntelligence.Library\AGIT.DSS.LeadIntelligence.Library.csproj", "{F4676140-2D7C-4BE2-991D-8D427CB6C309}"
EndProject
Project("{FAE04EC0-301F-11D3-BF4B-00C04F79EFBC}") = "AGIT.DSS.LeadIntelligence.ConsoleProject", "AGIT.DSS.LeadIntelligence.ConsoleProject\AGIT.DSS.LeadIntelligence.ConsoleProject.csproj", "{0E15ED43-8867-4886-970B-87C66693C88A}"
EndProject
Global
	GlobalSection(SolutionConfigurationPlatforms) = preSolution
		Debug|Any CPU = Debug|Any CPU
		Release|Any CPU = Release|Any CPU
	EndGlobalSection
	GlobalSection(ProjectConfigurationPlatforms) = postSolution
		{B92A8F76-AEE8-458F-8C2C-3DF694903EFE}.Debug|Any CPU.ActiveCfg = Debug|Any CPU
		{B92A8F76-AEE8-458F-8C2C-3DF694903EFE}.Debug|Any CPU.Build.0 = Debug|Any CPU
		{B92A8F76-AEE8-458F-8C2C-3DF694903EFE}.Release|Any CPU.ActiveCfg = Release|Any CPU
		{B92A8F76-AEE8-458F-8C2C-3DF694903EFE}.Release|Any CPU.Build.0 = Release|Any CPU
		{F4676140-2D7C-4BE2-991D-8D427CB6C309}.Debug|Any CPU.ActiveCfg = Debug|Any CPU
		{F4676140-2D7C-4BE2-991D-8D427CB6C309}.Debug|Any CPU.Build.0 = Debug|Any CPU
		{F4676140-2D7C-4BE2-991D-8D427CB6C309}.Release|Any CPU.ActiveCfg = Release|Any CPU
		{F4676140-2D7C-4BE2-991D-8D427CB6C309}.Release|Any CPU.Build.0 = Release|Any CPU
		{0E15ED43-8867-4886-970B-87C66693C88A}.Debug|Any CPU.ActiveCfg = Debug|Any CPU
		{0E15ED43-8867-4886-970B-87C66693C88A}.Debug|Any CPU.Build.0 = Debug|Any CPU
		{0E15ED43-8867-4886-970B-87C66693C88A}.Release|Any CPU.ActiveCfg = Release|Any CPU
		{0E15ED43-8867-4886-970B-87C66693C88A}.Release|Any CPU.Build.0 = Release|Any CPU
	EndGlobalSection
	GlobalSection(SolutionProperties) = preSolution
		HideSolutionNode = FALSE
	EndGlobalSection
	GlobalSection(TeamFoundationVersionControl) = preSolution
		SccNumberOfProjects = 4
		SccEnterpriseProvider = {4CA58AB2-18FA-4F8D-95D4-32DDF27D184C}
		SccTeamFoundationServer = https://atlantica.visualstudio.com/
		SccLocalPath0 = .
		SccProjectUniqueName1 = AGIT.DSS.LeadIntelligence\\AGIT.DSS.LeadIntelligence,Web.csproj
		SccProjectName1 = AGIT.DSS.LeadIntelligence
		SccLocalPath1 = AGIT.DSS.LeadIntelligence
		SccProjectUniqueName2 = AGIT.DSS.LeadIntelligence.Library\\AGIT.DSS.LeadIntelligence.Library.csproj
		SccProjectName2 = AGIT.DSS.LeadIntelligence.Library
		SccLocalPath2 = AGIT.DSS.LeadIntelligence.Library
		SccProjectUniqueName3 = AGIT.DSS.LeadIntelligence.ConsoleProject\\AGIT.DSS.LeadIntelligence.ConsoleProject.csproj
		SccProjectName3 = AGIT.DSS.LeadIntelligence.ConsoleProject
		SccLocalPath3 = AGIT.DSS.LeadIntelligence.ConsoleProject
	EndGlobalSection
EndGlobal
